
Microsoft Visual Studio Solution File, Format Version 12.00
# Visual Studio 2013
VisualStudioVersion = 12.0.30723.0
MinimumVisualStudioVersion = 10.0.40219.1
Project("{FAE04EC0-301F-11D3-BF4B-00C04F79EFBC}") = "Mvc_Clinic", "Mvc_Clinic\Mvc_Clinic.csproj", "{51524239-3790-4FA1-B927-2F231DC84925}"
EndProject
Global
	GlobalSection(TeamFoundationVersionControl) = preSolution
		SccNumberOfProjects = 2
		SccEnterpriseProvider = {4CA58AB2-18FA-4F8D-95D4-32DDF27D184C}
		SccTeamFoundationServer = https://fsocity.visualstudio.com/
		SccLocalPath0 = .
		SccProjectUniqueName1 = Mvc_Clinic\\Mvc_Clinic.csproj
		SccProjectName1 = Mvc_Clinic
		SccLocalPath1 = Mvc_Clinic
	EndGlobalSection
	GlobalSection(SolutionConfigurationPlatforms) = preSolution
		Debug|Any CPU = Debug|Any CPU
		Release|Any CPU = Release|Any CPU
	EndGlobalSection
	GlobalSection(ProjectConfigurationPlatforms) = postSolution
		{51524239-3790-4FA1-B927-2F231DC84925}.Debug|Any CPU.ActiveCfg = Debug|Any CPU
		{51524239-3790-4FA1-B927-2F231DC84925}.Debug|Any CPU.Build.0 = Debug|Any CPU
		{51524239-3790-4FA1-B927-2F231DC84925}.Release|Any CPU.ActiveCfg = Release|Any CPU
		{51524239-3790-4FA1-B927-2F231DC84925}.Release|Any CPU.Build.0 = Release|Any CPU
	EndGlobalSection
	GlobalSection(SolutionProperties) = preSolution
		HideSolutionNode = FALSE
	EndGlobalSection
EndGlobal
